<Solution>
  <Project Path="ClassicAssist.Avalonia/ClassicAssist.Avalonia.csproj" />
  <Project Path="ClassicAssist.Launcher/ClassicAssist.Launcher.csproj" />
  <Project Path="ClassicAssist.Plugin.Shared/ClassicAssist.Plugin.Shared.csproj" />
  <Project Path="ClassicAssist.Plugin/ClassicAssist.Plugin.csproj" />
  <Project Path="ClassicAssist.Shared/ClassicAssist.Shared.csproj" />
  <Project Path="ClassicAssist.Tests/ClassicAssist.Tests.csproj" />
</Solution>
